PODS:
  - Nimble (8.0.1)
  - Sourcery (0.16.1)
  - SwiftGen (6.1.0)
  - SwiftLint (0.32.0)

DEPENDENCIES:
  - Nimble
  - Sourcery
  - SwiftGen
  - SwiftLint

SPEC REPOS:
  https://github.com/cocoapods/specs.git:
    - Nimble
    - Sourcery
    - SwiftGen
    - SwiftLint

SPEC CHECKSUMS:
  Nimble: 45f786ae66faa9a709624227fae502db55a8bdd0
  Sourcery: 16779170d35ee204666843b09031f36721a84bcc
  SwiftGen: f872ca75cbd17bf7103c17f13dcfa0d9a15667b0
  SwiftLint: 009a898ef2a1c851f45e1b59349bf6ff2ddc990d

PODFILE CHECKSUM: 5c77760f488f5d597685443586b8c5f0ade388c5

COCOAPODS: 1.5.3
